
Microsoft Visual Studio Solution File, Format Version 12.00
# Visual Studio Version 17
VisualStudioVersion = 17.8.34525.116
MinimumVisualStudioVersion = 10.0.40219.1
Project("{FAE04EC0-301F-11D3-BF4B-00C04F79EFBC}") = "Library Management System", "Library Management System\Library Management System.csproj", "{5952EE39-1233-4681-A943-606D0E03FC0B}"
EndProject
Global
	GlobalSection(SolutionConfigurationPlatforms) = preSolution
		Debug|Any CPU = Debug|Any CPU
		Release|Any CPU = Release|Any CPU
	EndGlobalSection
	GlobalSection(ProjectConfigurationPlatforms) = postSolution
		{5952EE39-1233-4681-A943-606D0E03FC0B}.Debug|Any CPU.ActiveCfg = Debug|Any CPU
		{5952EE39-1233-4681-A943-606D0E03FC0B}.Debug|Any CPU.Build.0 = Debug|Any CPU
		{5952EE39-1233-4681-A943-606D0E03FC0B}.Release|Any CPU.ActiveCfg = Release|Any CPU
		{5952EE39-1233-4681-A943-606D0E03FC0B}.Release|Any CPU.Build.0 = Release|Any CPU
	EndGlobalSection
	GlobalSection(SolutionProperties) = preSolution
		HideSolutionNode = FALSE
	EndGlobalSection
	GlobalSection(ExtensibilityGlobals) = postSolution
		SolutionGuid = {0E52BBD4-FC9D-45B8-AD31-7FC3A4FE26DD}
	EndGlobalSection
EndGlobal
